// !$*UTF8*$!
{
	archiveVersion = 1;
	classes = {
	};
	objectVersion = 46;
	objects = {

/* Begin PBXBuildFile section */
		938232D3166F9E01000E888F /* LMRatingsTableViewController.m in Sources */ = {isa = PBXBuildFile; fileRef = 938232D2166F9E01000E888F /* LMRatingsTableViewController.m */; };
		938232D7166F9EDB000E888F /* LMFriendCell.m in Sources */ = {isa = PBXBuildFile; fileRef = 938232D6166F9EDB000E888F /* LMFriendCell.m */; };
		938232ED166FA09F000E888F /* AFHTTPClient.m in Sources */ = {isa = PBXBuildFile; fileRef = 938232DB166FA09F000E888F /* AFHTTPClient.m */; };
		938232EE166FA09F000E888F /* AFHTTPRequestOperation.m in Sources */ = {isa = PBXBuildFile; fileRef = 938232DD166FA09F000E888F /* AFHTTPRequestOperation.m */; };
		938232EF166FA09F000E888F /* AFImageRequestOperation.m in Sources */ = {isa = PBXBuildFile; fileRef = 938232DF166FA09F000E888F /* AFImageRequestOperation.m */; };
		938232F0166FA09F000E888F /* AFJSONRequestOperation.m in Sources */ = {isa = PBXBuildFile; fileRef = 938232E1166FA09F000E888F /* AFJSONRequestOperation.m */; };
		938232F1166FA09F000E888F /* AFNetworkActivityIndicatorManager.m in Sources */ = {isa = PBXBuildFile; fileRef = 938232E3166FA09F000E888F /* AFNetworkActivityIndicatorManager.m */; };
		938232F2166FA09F000E888F /* AFPropertyListRequestOperation.m in Sources */ = {isa = PBXBuildFile; fileRef = 938232E6166FA09F000E888F /* AFPropertyListRequestOperation.m */; };
		938232F3166FA09F000E888F /* AFURLConnectionOperation.m in Sources */ = {isa = PBXBuildFile; fileRef = 938232E8166FA09F000E888F /* AFURLConnectionOperation.m */; };
		938232F4166FA09F000E888F /* AFXMLRequestOperation.m in Sources */ = {isa = PBXBuildFile; fileRef = 938232EA166FA09F000E888F /* AFXMLRequestOperation.m */; };
		938232F5166FA09F000E888F /* UIImageView+AFNetworking.m in Sources */ = {isa = PBXBuildFile; fileRef = 938232EC166FA09F000E888F /* UIImageView+AFNetworking.m */; };
		939DE8DF16F4A36F00D56135 /* SVWebViewController.strings in Resources */ = {isa = PBXBuildFile; fileRef = 939DE8D316F4A36F00D56135 /* SVWebViewController.strings */; };
		939DE8E016F4A36F00D56135 /* SVModalWebViewController.m in Sources */ = {isa = PBXBuildFile; fileRef = 939DE8D916F4A36F00D56135 /* SVModalWebViewController.m */; };
		939DE8E116F4A36F00D56135 /* SVWebViewController.bundle in Resources */ = {isa = PBXBuildFile; fileRef = 939DE8DA16F4A36F00D56135 /* SVWebViewController.bundle */; };
		939DE8E216F4A36F00D56135 /* SVWebViewController.m in Sources */ = {isa = PBXBuildFile; fileRef = 939DE8DC16F4A36F00D56135 /* SVWebViewController.m */; };
		939DE8E316F4A3C000D56135 /* SVModalWebViewController.m in Sources */ = {isa = PBXBuildFile; fileRef = 939DE8D916F4A36F00D56135 /* SVModalWebViewController.m */; settings = {COMPILER_FLAGS = "-fno-objc-arc"; }; };
		939DE8E416F4A3C000D56135 /* SVWebViewController.m in Sources */ = {isa = PBXBuildFile; fileRef = 939DE8DC16F4A36F00D56135 /* SVWebViewController.m */; settings = {COMPILER_FLAGS = "-fno-objc-arc"; }; };
		93A99818169856EE00FF345F /* LMDataConnector.m in Sources */ = {isa = PBXBuildFile; fileRef = 93A99817169856EE00FF345F /* LMDataConnector.m */; };
		93AFD28016974FA300EFF4BC /* ATMHud.m in Sources */ = {isa = PBXBuildFile; fileRef = 93AFD27416974FA300EFF4BC /* ATMHud.m */; settings = {COMPILER_FLAGS = "-fno-objc-arc"; }; };
		93AFD28116974FA300EFF4BC /* ATMHud.m in Sources */ = {isa = PBXBuildFile; fileRef = 93AFD27416974FA300EFF4BC /* ATMHud.m */; };
		93AFD28216974FA300EFF4BC /* ATMHudQueueItem.m in Sources */ = {isa = PBXBuildFile; fileRef = 93AFD27716974FA300EFF4BC /* ATMHudQueueItem.m */; settings = {COMPILER_FLAGS = "-fno-objc-arc"; }; };
		93AFD28316974FA300EFF4BC /* ATMHudQueueItem.m in Sources */ = {isa = PBXBuildFile; fileRef = 93AFD27716974FA300EFF4BC /* ATMHudQueueItem.m */; };
		93AFD28416974FA300EFF4BC /* ATMHudView.m in Sources */ = {isa = PBXBuildFile; fileRef = 93AFD27916974FA300EFF4BC /* ATMHudView.m */; settings = {COMPILER_FLAGS = "-fno-objc-arc"; }; };
		93AFD28516974FA300EFF4BC /* ATMHudView.m in Sources */ = {isa = PBXBuildFile; fileRef = 93AFD27916974FA300EFF4BC /* ATMHudView.m */; };
		93AFD28616974FA300EFF4BC /* ATMProgressLayer.m in Sources */ = {isa = PBXBuildFile; fileRef = 93AFD27B16974FA300EFF4BC /* ATMProgressLayer.m */; settings = {COMPILER_FLAGS = "-fno-objc-arc"; }; };
		93AFD28716974FA300EFF4BC /* ATMProgressLayer.m in Sources */ = {isa = PBXBuildFile; fileRef = 93AFD27B16974FA300EFF4BC /* ATMProgressLayer.m */; };
		93AFD28816974FA300EFF4BC /* ATMSoundFX.m in Sources */ = {isa = PBXBuildFile; fileRef = 93AFD27D16974FA300EFF4BC /* ATMSoundFX.m */; settings = {COMPILER_FLAGS = "-fno-objc-arc"; }; };
		93AFD28916974FA300EFF4BC /* ATMSoundFX.m in Sources */ = {isa = PBXBuildFile; fileRef = 93AFD27D16974FA300EFF4BC /* ATMSoundFX.m */; };
		93AFD28A16974FA300EFF4BC /* ATMTextLayer.m in Sources */ = {isa = PBXBuildFile; fileRef = 93AFD27F16974FA300EFF4BC /* ATMTextLayer.m */; settings = {COMPILER_FLAGS = "-fno-objc-arc"; }; };
		93AFD28B16974FA300EFF4BC /* ATMTextLayer.m in Sources */ = {isa = PBXBuildFile; fileRef = 93AFD27F16974FA300EFF4BC /* ATMTextLayer.m */; };
		93AFD28D1697507C00EFF4BC /* QuartzCore.framework in Frameworks */ = {isa = PBXBuildFile; fileRef = 93AFD28C1697507B00EFF4BC /* QuartzCore.framework */; };
		93AFD28F1697508A00EFF4BC /* AudioToolbox.framework in Frameworks */ = {isa = PBXBuildFile; fileRef = 93AFD28E1697508A00EFF4BC /* AudioToolbox.framework */; };
		D663ADF2166BFC2800EE7C64 /* LMLoginViewController.m in Sources */ = {isa = PBXBuildFile; fileRef = D663ADF1166BFC2800EE7C64 /* LMLoginViewController.m */; };
		D6F2F9A7166BAAED00601B25 /* UIKit.framework in Frameworks */ = {isa = PBXBuildFile; fileRef = D6F2F9A6166BAAED00601B25 /* UIKit.framework */; };
		D6F2F9A9166BAAED00601B25 /* Foundation.framework in Frameworks */ = {isa = PBXBuildFile; fileRef = D6F2F9A8166BAAED00601B25 /* Foundation.framework */; };
		D6F2F9AB166BAAED00601B25 /* CoreGraphics.framework in Frameworks */ = {isa = PBXBuildFile; fileRef = D6F2F9AA166BAAED00601B25 /* CoreGraphics.framework */; };
		D6F2F9AD166BAAED00601B25 /* CoreData.framework in Frameworks */ = {isa = PBXBuildFile; fileRef = D6F2F9AC166BAAED00601B25 /* CoreData.framework */; };
		D6F2F9B3166BAAED00601B25 /* InfoPlist.strings in Resources */ = {isa = PBXBuildFile; fileRef = D6F2F9B1166BAAED00601B25 /* InfoPlist.strings */; };
		D6F2F9B5166BAAED00601B25 /* main.m in Sources */ = {isa = PBXBuildFile; fileRef = D6F2F9B4166BAAED00601B25 /* main.m */; };
		D6F2F9B9166BAAED00601B25 /* LMAppDelegate.m in Sources */ = {isa = PBXBuildFile; fileRef = D6F2F9B8166BAAED00601B25 /* LMAppDelegate.m */; };
		D6F2F9C2166BAAED00601B25 /* MainStoryboard.storyboard in Resources */ = {isa = PBXBuildFile; fileRef = D6F2F9C0166BAAED00601B25 /* MainStoryboard.storyboard */; };
		D6F2F9D3166BAAED00601B25 /* SenTestingKit.framework in Frameworks */ = {isa = PBXBuildFile; fileRef = D6F2F9D2166BAAED00601B25 /* SenTestingKit.framework */; };
		D6F2F9D4166BAAED00601B25 /* UIKit.framework in Frameworks */ = {isa = PBXBuildFile; fileRef = D6F2F9A6166BAAED00601B25 /* UIKit.framework */; };
		D6F2F9D5166BAAED00601B25 /* Foundation.framework in Frameworks */ = {isa = PBXBuildFile; fileRef = D6F2F9A8166BAAED00601B25 /* Foundation.framework */; };
		D6F2F9D6166BAAED00601B25 /* CoreData.framework in Frameworks */ = {isa = PBXBuildFile; fileRef = D6F2F9AC166BAAED00601B25 /* CoreData.framework */; };
		D6F2F9DE166BAAED00601B25 /* InfoPlist.strings in Resources */ = {isa = PBXBuildFile; fileRef = D6F2F9DC166BAAED00601B25 /* InfoPlist.strings */; };
		D6F2F9E1166BAAED00601B25 /* LoveMatchTests.m in Sources */ = {isa = PBXBuildFile; fileRef = D6F2F9E0166BAAED00601B25 /* LoveMatchTests.m */; };
		D6F2F9F6166BC48300601B25 /* AdSupport.framework in Frameworks */ = {isa = PBXBuildFile; fileRef = D6F2F9F5166BC48300601B25 /* AdSupport.framework */; settings = {ATTRIBUTES = (Required, ); }; };
		D6F2F9F8166BC48700601B25 /* Accounts.framework in Frameworks */ = {isa = PBXBuildFile; fileRef = D6F2F9F7166BC48700601B25 /* Accounts.framework */; settings = {ATTRIBUTES = (Required, ); }; };
		D6F2F9FA166BC48E00601B25 /* Social.framework in Frameworks */ = {isa = PBXBuildFile; fileRef = D6F2F9F9166BC48E00601B25 /* Social.framework */; settings = {ATTRIBUTES = (Required, ); }; };
		D6F2FA02166BD18A00601B25 /* LMStartViewController.m in Sources */ = {isa = PBXBuildFile; fileRef = D6F2FA00166BD18A00601B25 /* LMStartViewController.m */; };
		E33F5FED174A466300F1C1FA /* MessageUI.framework in Frameworks */ = {isa = PBXBuildFile; fileRef = 939DE8E516F4A3D700D56135 /* MessageUI.framework */; };
		E33F5FF0174A476400F1C1FA /* FacebookSDK.framework in Frameworks */ = {isa = PBXBuildFile; fileRef = E33F5FEF174A476400F1C1FA /* FacebookSDK.framework */; };
		E33F5FF3174A478700F1C1FA /* FacebookSDKResources.bundle in Resources */ = {isa = PBXBuildFile; fileRef = E33F5FF1174A478700F1C1FA /* FacebookSDKResources.bundle */; };
		E33F5FF4174A478700F1C1FA /* FBUserSettingsViewResources.bundle in Resources */ = {isa = PBXBuildFile; fileRef = E33F5FF2174A478700F1C1FA /* FBUserSettingsViewResources.bundle */; };
		E33F5FF6174A47BE00F1C1FA /* libsqlite3.dylib in Frameworks */ = {isa = PBXBuildFile; fileRef = E33F5FF5174A47BE00F1C1FA /* libsqlite3.dylib */; };
		E33F5FF8174A47E000F1C1FA /* Security.framework in Frameworks */ = {isa = PBXBuildFile; fileRef = E33F5FF7174A47E000F1C1FA /* Security.framework */; };
		E3A32888179FE7BA00F26FCD /* Default-568h@2x.png in Resources */ = {isa = PBXBuildFile; fileRef = E3A3287B179FE7BA00F26FCD /* Default-568h@2x.png */; };
		E3A32889179FE7BA00F26FCD /* Default.png in Resources */ = {isa = PBXBuildFile; fileRef = E3A3287C179FE7BA00F26FCD /* Default.png */; };
		E3A3288A179FE7BA00F26FCD /* Default@2x.png in Resources */ = {isa = PBXBuildFile; fileRef = E3A3287D179FE7BA00F26FCD /* Default@2x.png */; };
		E3A3288B179FE7BA00F26FCD /* female_button.png in Resources */ = {isa = PBXBuildFile; fileRef = E3A3287E179FE7BA00F26FCD /* female_button.png */; };
		E3A3288C179FE7BA00F26FCD /* female_button@2x.png in Resources */ = {isa = PBXBuildFile; fileRef = E3A3287F179FE7BA00F26FCD /* female_button@2x.png */; };
		E3A3288D179FE7BA00F26FCD /* heart_icon.png in Resources */ = {isa = PBXBuildFile; fileRef = E3A32880179FE7BA00F26FCD /* heart_icon.png */; };
		E3A3288E179FE7BA00F26FCD /* heart_icon@2x.png in Resources */ = {isa = PBXBuildFile; fileRef = E3A32881179FE7BA00F26FCD /* heart_icon@2x.png */; };
		E3A3288F179FE7BA00F26FCD /* male_button.png in Resources */ = {isa = PBXBuildFile; fileRef = E3A32882179FE7BA00F26FCD /* male_button.png */; };
		E3A32890179FE7BA00F26FCD /* male_button@2x.png in Resources */ = {isa = PBXBuildFile; fileRef = E3A32883179FE7BA00F26FCD /* male_button@2x.png */; };
		E3A32891179FE7BA00F26FCD /* mix_button.png in Resources */ = {isa = PBXBuildFile; fileRef = E3A32884179FE7BA00F26FCD /* mix_button.png */; };
		E3A32892179FE7BA00F26FCD /* mix_button@2x.png in Resources */ = {isa = PBXBuildFile; fileRef = E3A32885179FE7BA00F26FCD /* mix_button@2x.png */; };
		E3A32893179FE7BA00F26FCD /* up.png in Resources */ = {isa = PBXBuildFile; fileRef = E3A32886179FE7BA00F26FCD /* up.png */; };
		E3A32894179FE7BA00F26FCD /* up@2x.png in Resources */ = {isa = PBXBuildFile; fileRef = E3A32887179FE7BA00F26FCD /* up@2x.png */; };
		E3A32897179FEA7800F26FCD /* LoveMatch.xcdatamodeld in Sources */ = {isa = PBXBuildFile; fileRef = E3A32895179FEA7800F26FCD /* LoveMatch.xcdatamodeld */; };
		E3A3289A179FEA8800F26FCD /* User.m in Sources */ = {isa = PBXBuildFile; fileRef = E3A32899179FEA8800F26FCD /* User.m */; };
		E3A3289D179FEA8800F26FCD /* Friend.m in Sources */ = {isa = PBXBuildFile; fileRef = E3A3289C179FEA8800F26FCD /* Friend.m */; };
/* End PBXBuildFile section */

/* Begin PBXContainerItemProxy section */
		D6F2F9D7166BAAED00601B25 /* PBXContainerItemProxy */ = {
			isa = PBXContainerItemProxy;
			containerPortal = D6F2F999166BAAED00601B25 /* Project object */;
			proxyType = 1;
			remoteGlobalIDString = D6F2F9A1166BAAED00601B25;
			remoteInfo = LoveMatch;
		};
/* End PBXContainerItemProxy section */

/* Begin PBXFileReference section */
		938232D1166F9E00000E888F /* LMRatingsTableViewController.h */ = {isa = PBXFileReference; fileEncoding = 4; lastKnownFileType = sourcecode.c.h; path = LMRatingsTableViewController.h; sourceTree = "<group>"; };
		938232D2166F9E01000E888F /* LMRatingsTableViewController.m */ = {isa = PBXFileReference; fileEncoding = 4; lastKnownFileType = sourcecode.c.objc; path = LMRatingsTableViewController.m; sourceTree = "<group>"; };
		938232D5166F9EDB000E888F /* LMFriendCell.h */ = {isa = PBXFileReference; fileEncoding = 4; lastKnownFileType = sourcecode.c.h; path = LMFriendCell.h; sourceTree = "<group>"; };
		938232D6166F9EDB000E888F /* LMFriendCell.m */ = {isa = PBXFileReference; fileEncoding = 4; lastKnownFileType = sourcecode.c.objc; path = LMFriendCell.m; sourceTree = "<group>"; };
		938232DA166FA09F000E888F /* AFHTTPClient.h */ = {isa = PBXFileReference; fileEncoding = 4; lastKnownFileType = sourcecode.c.h; path = AFHTTPClient.h; sourceTree = "<group>"; };
		938232DB166FA09F000E888F /* AFHTTPClient.m */ = {isa = PBXFileReference; fileEncoding = 4; lastKnownFileType = sourcecode.c.objc; path = AFHTTPClient.m; sourceTree = "<group>"; };
		938232DC166FA09F000E888F /* AFHTTPRequestOperation.h */ = {isa = PBXFileReference; fileEncoding = 4; lastKnownFileType = sourcecode.c.h; path = AFHTTPRequestOperation.h; sourceTree = "<group>"; };
		938232DD166FA09F000E888F /* AFHTTPRequestOperation.m */ = {isa = PBXFileReference; fileEncoding = 4; lastKnownFileType = sourcecode.c.objc; path = AFHTTPRequestOperation.m; sourceTree = "<group>"; };
		938232DE166FA09F000E888F /* AFImageRequestOperation.h */ = {isa = PBXFileReference; fileEncoding = 4; lastKnownFileType = sourcecode.c.h; path = AFImageRequestOperation.h; sourceTree = "<group>"; };
		938232DF166FA09F000E888F /* AFImageRequestOperation.m */ = {isa = PBXFileReference; fileEncoding = 4; lastKnownFileType = sourcecode.c.objc; path = AFImageRequestOperation.m; sourceTree = "<group>"; };
		938232E0166FA09F000E888F /* AFJSONRequestOperation.h */ = {isa = PBXFileReference; fileEncoding = 4; lastKnownFileType = sourcecode.c.h; path = AFJSONRequestOperation.h; sourceTree = "<group>"; };
		938232E1166FA09F000E888F /* AFJSONRequestOperation.m */ = {isa = PBXFileReference; fileEncoding = 4; lastKnownFileType = sourcecode.c.objc; path = AFJSONRequestOperation.m; sourceTree = "<group>"; };
		938232E2166FA09F000E888F /* AFNetworkActivityIndicatorManager.h */ = {isa = PBXFileReference; fileEncoding = 4; lastKnownFileType = sourcecode.c.h; path = AFNetworkActivityIndicatorManager.h; sourceTree = "<group>"; };
		938232E3166FA09F000E888F /* AFNetworkActivityIndicatorManager.m */ = {isa = PBXFileReference; fileEncoding = 4; lastKnownFileType = sourcecode.c.objc; path = AFNetworkActivityIndicatorManager.m; sourceTree = "<group>"; };
		938232E4166FA09F000E888F /* AFNetworking.h */ = {isa = PBXFileReference; fileEncoding = 4; lastKnownFileType = sourcecode.c.h; path = AFNetworking.h; sourceTree = "<group>"; };
		938232E5166FA09F000E888F /* AFPropertyListRequestOperation.h */ = {isa = PBXFileReference; fileEncoding = 4; lastKnownFileType = sourcecode.c.h; path = AFPropertyListRequestOperation.h; sourceTree = "<group>"; };
		938232E6166FA09F000E888F /* AFPropertyListRequestOperation.m */ = {isa = PBXFileReference; fileEncoding = 4; lastKnownFileType = sourcecode.c.objc; path = AFPropertyListRequestOperation.m; sourceTree = "<group>"; };
		938232E7166FA09F000E888F /* AFURLConnectionOperation.h */ = {isa = PBXFileReference; fileEncoding = 4; lastKnownFileType = sourcecode.c.h; path = AFURLConnectionOperation.h; sourceTree = "<group>"; };
		938232E8166FA09F000E888F /* AFURLConnectionOperation.m */ = {isa = PBXFileReference; fileEncoding = 4; lastKnownFileType = sourcecode.c.objc; path = AFURLConnectionOperation.m; sourceTree = "<group>"; };
		938232E9166FA09F000E888F /* AFXMLRequestOperation.h */ = {isa = PBXFileReference; fileEncoding = 4; lastKnownFileType = sourcecode.c.h; path = AFXMLRequestOperation.h; sourceTree = "<group>"; };
		938232EA166FA09F000E888F /* AFXMLRequestOperation.m */ = {isa = PBXFileReference; fileEncoding = 4; lastKnownFileType = sourcecode.c.objc; path = AFXMLRequestOperation.m; sourceTree = "<group>"; };
		938232EB166FA09F000E888F /* UIImageView+AFNetworking.h */ = {isa = PBXFileReference; fileEncoding = 4; lastKnownFileType = sourcecode.c.h; path = "UIImageView+AFNetworking.h"; sourceTree = "<group>"; };
		938232EC166FA09F000E888F /* UIImageView+AFNetworking.m */ = {isa = PBXFileReference; fileEncoding = 4; lastKnownFileType = sourcecode.c.objc; path = "UIImageView+AFNetworking.m"; sourceTree = "<group>"; };
		939DE8D416F4A36F00D56135 /* da */ = {isa = PBXFileReference; lastKnownFileType = text.plist.strings; name = da; path = da.lproj/SVWebViewController.strings; sourceTree = "<group>"; };
		939DE8D516F4A36F00D56135 /* en */ = {isa = PBXFileReference; lastKnownFileType = text.plist.strings; name = en; path = en.lproj/SVWebViewController.strings; sourceTree = "<group>"; };
		939DE8D616F4A36F00D56135 /* es-ES */ = {isa = PBXFileReference; lastKnownFileType = text.plist.strings; name = "es-ES"; path = "es-ES.lproj/SVWebViewController.strings"; sourceTree = "<group>"; };
		939DE8D716F4A36F00D56135 /* es */ = {isa = PBXFileReference; lastKnownFileType = text.plist.strings; name = es; path = es.lproj/SVWebViewController.strings; sourceTree = "<group>"; };
		939DE8D816F4A36F00D56135 /* SVModalWebViewController.h */ = {isa = PBXFileReference; fileEncoding = 4; lastKnownFileType = sourcecode.c.h; path = SVModalWebViewController.h; sourceTree = "<group>"; };
		939DE8D916F4A36F00D56135 /* SVModalWebViewController.m */ = {isa = PBXFileReference; fileEncoding = 4; lastKnownFileType = sourcecode.c.objc; path = SVModalWebViewController.m; sourceTree = "<group>"; };
		939DE8DA16F4A36F00D56135 /* SVWebViewController.bundle */ = {isa = PBXFileReference; lastKnownFileType = "wrapper.plug-in"; path = SVWebViewController.bundle; sourceTree = "<group>"; };
		939DE8DB16F4A36F00D56135 /* SVWebViewController.h */ = {isa = PBXFileReference; fileEncoding = 4; lastKnownFileType = sourcecode.c.h; path = SVWebViewController.h; sourceTree = "<group>"; };
		939DE8DC16F4A36F00D56135 /* SVWebViewController.m */ = {isa = PBXFileReference; fileEncoding = 4; lastKnownFileType = sourcecode.c.objc; path = SVWebViewController.m; sourceTree = "<group>"; };
		939DE8DD16F4A36F00D56135 /* zh-Hans */ = {isa = PBXFileReference; lastKnownFileType = text.plist.strings; name = "zh-Hans"; path = "zh-Hans.lproj/SVWebViewController.strings"; sourceTree = "<group>"; };
		939DE8DE16F4A36F00D56135 /* zh-Hant */ = {isa = PBXFileReference; lastKnownFileType = text.plist.strings; name = "zh-Hant"; path = "zh-Hant.lproj/SVWebViewController.strings"; sourceTree = "<group>"; };
		939DE8E516F4A3D700D56135 /* MessageUI.framework */ = {isa = PBXFileReference; lastKnownFileType = wrapper.framework; name = MessageUI.framework; path = System/Library/Frameworks/MessageUI.framework; sourceTree = SDKROOT; };
		93A99816169856EE00FF345F /* LMDataConnector.h */ = {isa = PBXFileReference; fileEncoding = 4; lastKnownFileType = sourcecode.c.h; path = LMDataConnector.h; sourceTree = "<group>"; };
		93A99817169856EE00FF345F /* LMDataConnector.m */ = {isa = PBXFileReference; fileEncoding = 4; lastKnownFileType = sourcecode.c.objc; path = LMDataConnector.m; sourceTree = "<group>"; };
		93AFD27316974FA300EFF4BC /* ATMHud.h */ = {isa = PBXFileReference; fileEncoding = 4; lastKnownFileType = sourcecode.c.h; path = ATMHud.h; sourceTree = "<group>"; };
		93AFD27416974FA300EFF4BC /* ATMHud.m */ = {isa = PBXFileReference; fileEncoding = 4; lastKnownFileType = sourcecode.c.objc; path = ATMHud.m; sourceTree = "<group>"; };
		93AFD27516974FA300EFF4BC /* ATMHudDelegate.h */ = {isa = PBXFileReference; fileEncoding = 4; lastKnownFileType = sourcecode.c.h; path = ATMHudDelegate.h; sourceTree = "<group>"; };
		93AFD27616974FA300EFF4BC /* ATMHudQueueItem.h */ = {isa = PBXFileReference; fileEncoding = 4; lastKnownFileType = sourcecode.c.h; path = ATMHudQueueItem.h; sourceTree = "<group>"; };
		93AFD27716974FA300EFF4BC /* ATMHudQueueItem.m */ = {isa = PBXFileReference; fileEncoding = 4; lastKnownFileType = sourcecode.c.objc; path = ATMHudQueueItem.m; sourceTree = "<group>"; };
		93AFD27816974FA300EFF4BC /* ATMHudView.h */ = {isa = PBXFileReference; fileEncoding = 4; lastKnownFileType = sourcecode.c.h; path = ATMHudView.h; sourceTree = "<group>"; };
		93AFD27916974FA300EFF4BC /* ATMHudView.m */ = {isa = PBXFileReference; fileEncoding = 4; lastKnownFileType = sourcecode.c.objc; path = ATMHudView.m; sourceTree = "<group>"; };
		93AFD27A16974FA300EFF4BC /* ATMProgressLayer.h */ = {isa = PBXFileReference; fileEncoding = 4; lastKnownFileType = sourcecode.c.h; path = ATMProgressLayer.h; sourceTree = "<group>"; };
		93AFD27B16974FA300EFF4BC /* ATMProgressLayer.m */ = {isa = PBXFileReference; fileEncoding = 4; lastKnownFileType = sourcecode.c.objc; path = ATMProgressLayer.m; sourceTree = "<group>"; };
		93AFD27C16974FA300EFF4BC /* ATMSoundFX.h */ = {isa = PBXFileReference; fileEncoding = 4; lastKnownFileType = sourcecode.c.h; path = ATMSoundFX.h; sourceTree = "<group>"; };
		93AFD27D16974FA300EFF4BC /* ATMSoundFX.m */ = {isa = PBXFileReference; fileEncoding = 4; lastKnownFileType = sourcecode.c.objc; path = ATMSoundFX.m; sourceTree = "<group>"; };
		93AFD27E16974FA300EFF4BC /* ATMTextLayer.h */ = {isa = PBXFileReference; fileEncoding = 4; lastKnownFileType = sourcecode.c.h; path = ATMTextLayer.h; sourceTree = "<group>"; };
		93AFD27F16974FA300EFF4BC /* ATMTextLayer.m */ = {isa = PBXFileReference; fileEncoding = 4; lastKnownFileType = sourcecode.c.objc; path = ATMTextLayer.m; sourceTree = "<group>"; };
		93AFD28C1697507B00EFF4BC /* QuartzCore.framework */ = {isa = PBXFileReference; lastKnownFileType = wrapper.framework; name = QuartzCore.framework; path = System/Library/Frameworks/QuartzCore.framework; sourceTree = SDKROOT; };
		93AFD28E1697508A00EFF4BC /* AudioToolbox.framework */ = {isa = PBXFileReference; lastKnownFileType = wrapper.framework; name = AudioToolbox.framework; path = System/Library/Frameworks/AudioToolbox.framework; sourceTree = SDKROOT; };
		D663ADF0166BFC2800EE7C64 /* LMLoginViewController.h */ = {isa = PBXFileReference; fileEncoding = 4; lastKnownFileType = sourcecode.c.h; path = LMLoginViewController.h; sourceTree = "<group>"; };
		D663ADF1166BFC2800EE7C64 /* LMLoginViewController.m */ = {isa = PBXFileReference; fileEncoding = 4; lastKnownFileType = sourcecode.c.objc; path = LMLoginViewController.m; sourceTree = "<group>"; };
		D6F2F9A2166BAAED00601B25 /* LoveMatch.app */ = {isa = PBXFileReference; explicitFileType = wrapper.application; includeInIndex = 0; path = LoveMatch.app; sourceTree = BUILT_PRODUCTS_DIR; };
		D6F2F9A6166BAAED00601B25 /* UIKit.framework */ = {isa = PBXFileReference; lastKnownFileType = wrapper.framework; name = UIKit.framework; path = System/Library/Frameworks/UIKit.framework; sourceTree = SDKROOT; };
		D6F2F9A8166BAAED00601B25 /* Foundation.framework */ = {isa = PBXFileReference; lastKnownFileType = wrapper.framework; name = Foundation.framework; path = System/Library/Frameworks/Foundation.framework; sourceTree = SDKROOT; };
		D6F2F9AA166BAAED00601B25 /* CoreGraphics.framework */ = {isa = PBXFileReference; lastKnownFileType = wrapper.framework; name = CoreGraphics.framework; path = System/Library/Frameworks/CoreGraphics.framework; sourceTree = SDKROOT; };
		D6F2F9AC166BAAED00601B25 /* CoreData.framework */ = {isa = PBXFileReference; lastKnownFileType = wrapper.framework; name = CoreData.framework; path = System/Library/Frameworks/CoreData.framework; sourceTree = SDKROOT; };
		D6F2F9B0166BAAED00601B25 /* LoveMatch-Info.plist */ = {isa = PBXFileReference; lastKnownFileType = text.plist.xml; path = "LoveMatch-Info.plist"; sourceTree = "<group>"; };
		D6F2F9B2166BAAED00601B25 /* en */ = {isa = PBXFileReference; lastKnownFileType = text.plist.strings; name = en; path = en.lproj/InfoPlist.strings; sourceTree = "<group>"; };
		D6F2F9B4166BAAED00601B25 /* main.m */ = {isa = PBXFileReference; lastKnownFileType = sourcecode.c.objc; path = main.m; sourceTree = "<group>"; };
		D6F2F9B6166BAAED00601B25 /* LoveMatch-Prefix.pch */ = {isa = PBXFileReference; lastKnownFileType = sourcecode.c.h; path = "LoveMatch-Prefix.pch"; sourceTree = "<group>"; };
		D6F2F9B7166BAAED00601B25 /* LMAppDelegate.h */ = {isa = PBXFileReference; lastKnownFileType = sourcecode.c.h; path = LMAppDelegate.h; sourceTree = "<group>"; };
		D6F2F9B8166BAAED00601B25 /* LMAppDelegate.m */ = {isa = PBXFileReference; lastKnownFileType = sourcecode.c.objc; path = LMAppDelegate.m; sourceTree = "<group>"; };
		D6F2F9C1166BAAED00601B25 /* en */ = {isa = PBXFileReference; lastKnownFileType = file.storyboard; name = en; path = en.lproj/MainStoryboard.storyboard; sourceTree = "<group>"; };
		D6F2F9D1166BAAED00601B25 /* LoveMatchTests.octest */ = {isa = PBXFileReference; explicitFileType = wrapper.cfbundle; includeInIndex = 0; path = LoveMatchTests.octest; sourceTree = BUILT_PRODUCTS_DIR; };
		D6F2F9D2166BAAED00601B25 /* SenTestingKit.framework */ = {isa = PBXFileReference; lastKnownFileType = wrapper.framework; name = SenTestingKit.framework; path = Library/Frameworks/SenTestingKit.framework; sourceTree = DEVELOPER_DIR; };
		D6F2F9DB166BAAED00601B25 /* LoveMatchTests-Info.plist */ = {isa = PBXFileReference; lastKnownFileType = text.plist.xml; path = "LoveMatchTests-Info.plist"; sourceTree = "<group>"; };
		D6F2F9DD166BAAED00601B25 /* en */ = {isa = PBXFileReference; lastKnownFileType = text.plist.strings; name = en; path = en.lproj/InfoPlist.strings; sourceTree = "<group>"; };
		D6F2F9DF166BAAED00601B25 /* LoveMatchTests.h */ = {isa = PBXFileReference; lastKnownFileType = sourcecode.c.h; path = LoveMatchTests.h; sourceTree = "<group>"; };
		D6F2F9E0166BAAED00601B25 /* LoveMatchTests.m */ = {isa = PBXFileReference; lastKnownFileType = sourcecode.c.objc; path = LoveMatchTests.m; sourceTree = "<group>"; };
		D6F2F9F5166BC48300601B25 /* AdSupport.framework */ = {isa = PBXFileReference; lastKnownFileType = wrapper.framework; name = AdSupport.framework; path = System/Library/Frameworks/AdSupport.framework; sourceTree = SDKROOT; };
		D6F2F9F7166BC48700601B25 /* Accounts.framework */ = {isa = PBXFileReference; lastKnownFileType = wrapper.framework; name = Accounts.framework; path = System/Library/Frameworks/Accounts.framework; sourceTree = SDKROOT; };
		D6F2F9F9166BC48E00601B25 /* Social.framework */ = {isa = PBXFileReference; lastKnownFileType = wrapper.framework; name = Social.framework; path = System/Library/Frameworks/Social.framework; sourceTree = SDKROOT; };
		D6F2F9FF166BD18A00601B25 /* LMStartViewController.h */ = {isa = PBXFileReference; fileEncoding = 4; lastKnownFileType = sourcecode.c.h; path = LMStartViewController.h; sourceTree = "<group>"; };
		D6F2FA00166BD18A00601B25 /* LMStartViewController.m */ = {isa = PBXFileReference; fileEncoding = 4; lastKnownFileType = sourcecode.c.objc; path = LMStartViewController.m; sourceTree = "<group>"; };
		E33F5FEF174A476400F1C1FA /* FacebookSDK.framework */ = {isa = PBXFileReference; lastKnownFileType = wrapper.framework; name = FacebookSDK.framework; path = ../../Documents/FacebookSDK/FacebookSDK.framework; sourceTree = "<group>"; };
		E33F5FF1174A478700F1C1FA /* FacebookSDKResources.bundle */ = {isa = PBXFileReference; lastKnownFileType = "wrapper.plug-in"; name = FacebookSDKResources.bundle; path = ../../Documents/FacebookSDK/FacebookSDK.framework/Versions/A/Resources/FacebookSDKResources.bundle; sourceTree = "<group>"; };
		E33F5FF2174A478700F1C1FA /* FBUserSettingsViewResources.bundle */ = {isa = PBXFileReference; lastKnownFileType = "wrapper.plug-in"; name = FBUserSettingsViewResources.bundle; path = ../../Documents/FacebookSDK/FacebookSDK.framework/Versions/A/Resources/FBUserSettingsViewResources.bundle; sourceTree = "<group>"; };
		E33F5FF5174A47BE00F1C1FA /* libsqlite3.dylib */ = {isa = PBXFileReference; lastKnownFileType = "compiled.mach-o.dylib"; name = libsqlite3.dylib; path = usr/lib/libsqlite3.dylib; sourceTree = SDKROOT; };
		E33F5FF7174A47E000F1C1FA /* Security.framework */ = {isa = PBXFileReference; lastKnownFileType = wrapper.framework; name = Security.framework; path = System/Library/Frameworks/Security.framework; sourceTree = SDKROOT; };
		E3A3287B179FE7BA00F26FCD /* Default-568h@2x.png */ = {isa = PBXFileReference; lastKnownFileType = image.png; name = "Default-568h@2x.png"; path = "LoveMatch/Ressources/Default-568h@2x.png"; sourceTree = "<group>"; };
		E3A3287C179FE7BA00F26FCD /* Default.png */ = {isa = PBXFileReference; lastKnownFileType = image.png; name = Default.png; path = LoveMatch/Ressources/Default.png; sourceTree = "<group>"; };
		E3A3287D179FE7BA00F26FCD /* Default@2x.png */ = {isa = PBXFileReference; lastKnownFileType = image.png; name = "Default@2x.png"; path = "LoveMatch/Ressources/Default@2x.png"; sourceTree = "<group>"; };
		E3A3287E179FE7BA00F26FCD /* female_button.png */ = {isa = PBXFileReference; lastKnownFileType = image.png; name = female_button.png; path = LoveMatch/Ressources/female_button.png; sourceTree = "<group>"; };
		E3A3287F179FE7BA00F26FCD /* female_button@2x.png */ = {isa = PBXFileReference; lastKnownFileType = image.png; name = "female_button@2x.png"; path = "LoveMatch/Ressources/female_button@2x.png"; sourceTree = "<group>"; };
		E3A32880179FE7BA00F26FCD /* heart_icon.png */ = {isa = PBXFileReference; lastKnownFileType = image.png; name = heart_icon.png; path = LoveMatch/Ressources/heart_icon.png; sourceTree = "<group>"; };
		E3A32881179FE7BA00F26FCD /* heart_icon@2x.png */ = {isa = PBXFileReference; lastKnownFileType = image.png; name = "heart_icon@2x.png"; path = "LoveMatch/Ressources/heart_icon@2x.png"; sourceTree = "<group>"; };
		E3A32882179FE7BA00F26FCD /* male_button.png */ = {isa = PBXFileReference; lastKnownFileType = image.png; name = male_button.png; path = LoveMatch/Ressources/male_button.png; sourceTree = "<group>"; };
		E3A32883179FE7BA00F26FCD /* male_button@2x.png */ = {isa = PBXFileReference; lastKnownFileType = image.png; name = "male_button@2x.png"; path = "LoveMatch/Ressources/male_button@2x.png"; sourceTree = "<group>"; };
		E3A32884179FE7BA00F26FCD /* mix_button.png */ = {isa = PBXFileReference; lastKnownFileType = image.png; name = mix_button.png; path = LoveMatch/Ressources/mix_button.png; sourceTree = "<group>"; };
		E3A32885179FE7BA00F26FCD /* mix_button@2x.png */ = {isa = PBXFileReference; lastKnownFileType = image.png; name = "mix_button@2x.png"; path = "LoveMatch/Ressources/mix_button@2x.png"; sourceTree = "<group>"; };
		E3A32886179FE7BA00F26FCD /* up.png */ = {isa = PBXFileReference; lastKnownFileType = image.png; name = up.png; path = LoveMatch/Ressources/up.png; sourceTree = "<group>"; };
		E3A32887179FE7BA00F26FCD /* up@2x.png */ = {isa = PBXFileReference; lastKnownFileType = image.png; name = "up@2x.png"; path = "LoveMatch/Ressources/up@2x.png"; sourceTree = "<group>"; };
		E3A32896179FEA7800F26FCD /* LoveMatch.xcdatamodel */ = {isa = PBXFileReference; lastKnownFileType = wrapper.xcdatamodel; path = LoveMatch.xcdatamodel; sourceTree = "<group>"; };
		E3A32898179FEA8800F26FCD /* User.h */ = {isa = PBXFileReference; fileEncoding = 4; lastKnownFileType = sourcecode.c.h; name = User.h; path = Model/User.h; sourceTree = "<group>"; };
		E3A32899179FEA8800F26FCD /* User.m */ = {isa = PBXFileReference; fileEncoding = 4; lastKnownFileType = sourcecode.c.objc; name = User.m; path = Model/User.m; sourceTree = "<group>"; };
		E3A3289B179FEA8800F26FCD /* Friend.h */ = {isa = PBXFileReference; fileEncoding = 4; lastKnownFileType = sourcecode.c.h; name = Friend.h; path = Model/Friend.h; sourceTree = "<group>"; };
		E3A3289C179FEA8800F26FCD /* Friend.m */ = {isa = PBXFileReference; fileEncoding = 4; lastKnownFileType = sourcecode.c.objc; name = Friend.m; path = Model/Friend.m; sourceTree = "<group>"; };
/* End PBXFileReference section */

/* Begin PBXFrameworksBuildPhase section */
		D6F2F99F166BAAED00601B25 /* Frameworks */ = {
			isa = PBXFrameworksBuildPhase;
			buildActionMask = 2147483647;
			files = (
				E33F5FF8174A47E000F1C1FA /* Security.framework in Frameworks */,
				E33F5FF6174A47BE00F1C1FA /* libsqlite3.dylib in Frameworks */,
				E33F5FED174A466300F1C1FA /* MessageUI.framework in Frameworks */,
				93AFD28F1697508A00EFF4BC /* AudioToolbox.framework in Frameworks */,
				93AFD28D1697507C00EFF4BC /* QuartzCore.framework in Frameworks */,
				D6F2F9FA166BC48E00601B25 /* Social.framework in Frameworks */,
				D6F2F9F8166BC48700601B25 /* Accounts.framework in Frameworks */,
				D6F2F9F6166BC48300601B25 /* AdSupport.framework in Frameworks */,
				D6F2F9A7166BAAED00601B25 /* UIKit.framework in Frameworks */,
				D6F2F9A9166BAAED00601B25 /* Foundation.framework in Frameworks */,
				D6F2F9AB166BAAED00601B25 /* CoreGraphics.framework in Frameworks */,
				D6F2F9AD166BAAED00601B25 /* CoreData.framework in Frameworks */,
				E33F5FF0174A476400F1C1FA /* FacebookSDK.framework in Frameworks */,
			);
			runOnlyForDeploymentPostprocessing = 0;
		};
		D6F2F9CD166BAAED00601B25 /* Frameworks */ = {
			isa = PBXFrameworksBuildPhase;
			buildActionMask = 2147483647;
			files = (
				D6F2F9D3166BAAED00601B25 /* SenTestingKit.framework in Frameworks */,
				D6F2F9D4166BAAED00601B25 /* UIKit.framework in Frameworks */,
				D6F2F9D5166BAAED00601B25 /* Foundation.framework in Frameworks */,
				D6F2F9D6166BAAED00601B25 /* CoreData.framework in Frameworks */,
			);
			runOnlyForDeploymentPostprocessing = 0;
		};
/* End PBXFrameworksBuildPhase section */

/* Begin PBXGroup section */
		938232BD166E06F8000E888F /* Model */ = {
			isa = PBXGroup;
			children = (
				E3A32895179FEA7800F26FCD /* LoveMatch.xcdatamodeld */,
				E3A3289B179FEA8800F26FCD /* Friend.h */,
				E3A3289C179FEA8800F26FCD /* Friend.m */,
				E3A32898179FEA8800F26FCD /* User.h */,
				E3A32899179FEA8800F26FCD /* User.m */,
			);
			name = Model;
			sourceTree = "<group>";
		};
		938232D4166F9EC0000E888F /* Cell */ = {
			isa = PBXGroup;
			children = (
				938232D5166F9EDB000E888F /* LMFriendCell.h */,
				938232D6166F9EDB000E888F /* LMFriendCell.m */,
			);
			name = Cell;
			sourceTree = "<group>";
		};
		938232D8166FA080000E888F /* Additional Frameworks */ = {
			isa = PBXGroup;
			children = (
				939DE8D216F4A36F00D56135 /* SVWebViewController */,
				93AFD24C16974D9800EFF4BC /* ATMHud */,
				938232D9166FA09F000E888F /* AFNetworking */,
			);
			name = "Additional Frameworks";
			sourceTree = "<group>";
		};
		938232D9166FA09F000E888F /* AFNetworking */ = {
			isa = PBXGroup;
			children = (
				938232DA166FA09F000E888F /* AFHTTPClient.h */,
				938232DB166FA09F000E888F /* AFHTTPClient.m */,
				938232DC166FA09F000E888F /* AFHTTPRequestOperation.h */,
				938232DD166FA09F000E888F /* AFHTTPRequestOperation.m */,
				938232DE166FA09F000E888F /* AFImageRequestOperation.h */,
				938232DF166FA09F000E888F /* AFImageRequestOperation.m */,
				938232E0166FA09F000E888F /* AFJSONRequestOperation.h */,
				938232E1166FA09F000E888F /* AFJSONRequestOperation.m */,
				938232E2166FA09F000E888F /* AFNetworkActivityIndicatorManager.h */,
				938232E3166FA09F000E888F /* AFNetworkActivityIndicatorManager.m */,
				938232E4166FA09F000E888F /* AFNetworking.h */,
				938232E5166FA09F000E888F /* AFPropertyListRequestOperation.h */,
				938232E6166FA09F000E888F /* AFPropertyListRequestOperation.m */,
				938232E7166FA09F000E888F /* AFURLConnectionOperation.h */,
				938232E8166FA09F000E888F /* AFURLConnectionOperation.m */,
				938232E9166FA09F000E888F /* AFXMLRequestOperation.h */,
				938232EA166FA09F000E888F /* AFXMLRequestOperation.m */,
				938232EB166FA09F000E888F /* UIImageView+AFNetworking.h */,
				938232EC166FA09F000E888F /* UIImageView+AFNetworking.m */,
			);
			name = AFNetworking;
			path = LoveMatch/AFNetworking;
			sourceTree = "<group>";
		};
		939DE8D216F4A36F00D56135 /* SVWebViewController */ = {
			isa = PBXGroup;
			children = (
				939DE8D316F4A36F00D56135 /* SVWebViewController.strings */,
				939DE8D816F4A36F00D56135 /* SVModalWebViewController.h */,
				939DE8D916F4A36F00D56135 /* SVModalWebViewController.m */,
				939DE8DA16F4A36F00D56135 /* SVWebViewController.bundle */,
				939DE8DB16F4A36F00D56135 /* SVWebViewController.h */,
				939DE8DC16F4A36F00D56135 /* SVWebViewController.m */,
			);
			name = SVWebViewController;
			path = LoveMatch/SVWebViewController;
			sourceTree = "<group>";
		};
		93AFD24C16974D9800EFF4BC /* ATMHud */ = {
			isa = PBXGroup;
			children = (
				93AFD27316974FA300EFF4BC /* ATMHud.h */,
				93AFD27416974FA300EFF4BC /* ATMHud.m */,
				93AFD27516974FA300EFF4BC /* ATMHudDelegate.h */,
				93AFD27616974FA300EFF4BC /* ATMHudQueueItem.h */,
				93AFD27716974FA300EFF4BC /* ATMHudQueueItem.m */,
				93AFD27816974FA300EFF4BC /* ATMHudView.h */,
				93AFD27916974FA300EFF4BC /* ATMHudView.m */,
				93AFD27A16974FA300EFF4BC /* ATMProgressLayer.h */,
				93AFD27B16974FA300EFF4BC /* ATMProgressLayer.m */,
				93AFD27C16974FA300EFF4BC /* ATMSoundFX.h */,
				93AFD27D16974FA300EFF4BC /* ATMSoundFX.m */,
				93AFD27E16974FA300EFF4BC /* ATMTextLayer.h */,
				93AFD27F16974FA300EFF4BC /* ATMTextLayer.m */,
			);
			name = ATMHud;
			path = LoveMatch/ATMHud;
			sourceTree = "<group>";
		};
		D6F2F997166BAAED00601B25 = {
			isa = PBXGroup;
			children = (
				E3A3287A179FE79200F26FCD /* Ressources */,
				D6F2F9AE166BAAED00601B25 /* LoveMatch */,
				D6F2F9D9166BAAED00601B25 /* LoveMatchTests */,
				938232D8166FA080000E888F /* Additional Frameworks */,
				D6F2F9A5166BAAED00601B25 /* Frameworks */,
				D6F2F9A3166BAAED00601B25 /* Products */,
			);
			sourceTree = "<group>";
		};
		D6F2F9A3166BAAED00601B25 /* Products */ = {
			isa = PBXGroup;
			children = (
				D6F2F9A2166BAAED00601B25 /* LoveMatch.app */,
				D6F2F9D1166BAAED00601B25 /* LoveMatchTests.octest */,
			);
			name = Products;
			sourceTree = "<group>";
		};
		D6F2F9A5166BAAED00601B25 /* Frameworks */ = {
			isa = PBXGroup;
			children = (
				E33F5FF5174A47BE00F1C1FA /* libsqlite3.dylib */,
				E33F5FF7174A47E000F1C1FA /* Security.framework */,
				E33F5FF1174A478700F1C1FA /* FacebookSDKResources.bundle */,
				E33F5FF2174A478700F1C1FA /* FBUserSettingsViewResources.bundle */,
				E33F5FEF174A476400F1C1FA /* FacebookSDK.framework */,
				939DE8E516F4A3D700D56135 /* MessageUI.framework */,
				93AFD28E1697508A00EFF4BC /* AudioToolbox.framework */,
				93AFD28C1697507B00EFF4BC /* QuartzCore.framework */,
				D6F2F9F9166BC48E00601B25 /* Social.framework */,
				D6F2F9F7166BC48700601B25 /* Accounts.framework */,
				D6F2F9F5166BC48300601B25 /* AdSupport.framework */,
				D6F2F9A6166BAAED00601B25 /* UIKit.framework */,
				D6F2F9A8166BAAED00601B25 /* Foundation.framework */,
				D6F2F9AA166BAAED00601B25 /* CoreGraphics.framework */,
				D6F2F9AC166BAAED00601B25 /* CoreData.framework */,
				D6F2F9D2166BAAED00601B25 /* SenTestingKit.framework */,
			);
			name = Frameworks;
			sourceTree = "<group>";
		};
		D6F2F9AE166BAAED00601B25 /* LoveMatch */ = {
			isa = PBXGroup;
			children = (
				938232D4166F9EC0000E888F /* Cell */,
				938232BD166E06F8000E888F /* Model */,
				93A99816169856EE00FF345F /* LMDataConnector.h */,
				93A99817169856EE00FF345F /* LMDataConnector.m */,
				D6F2F9FF166BD18A00601B25 /* LMStartViewController.h */,
				D6F2FA00166BD18A00601B25 /* LMStartViewController.m */,
				D663ADF0166BFC2800EE7C64 /* LMLoginViewController.h */,
				D663ADF1166BFC2800EE7C64 /* LMLoginViewController.m */,
				938232D1166F9E00000E888F /* LMRatingsTableViewController.h */,
				938232D2166F9E01000E888F /* LMRatingsTableViewController.m */,
				D6F2F9B7166BAAED00601B25 /* LMAppDelegate.h */,
				D6F2F9B8166BAAED00601B25 /* LMAppDelegate.m */,
				D6F2F9C0166BAAED00601B25 /* MainStoryboard.storyboard */,
				D6F2F9AF166BAAED00601B25 /* Supporting Files */,
			);
			path = LoveMatch;
			sourceTree = "<group>";
		};
		D6F2F9AF166BAAED00601B25 /* Supporting Files */ = {
			isa = PBXGroup;
			children = (
				D6F2F9B0166BAAED00601B25 /* LoveMatch-Info.plist */,
				D6F2F9B1166BAAED00601B25 /* InfoPlist.strings */,
				D6F2F9B4166BAAED00601B25 /* main.m */,
				D6F2F9B6166BAAED00601B25 /* LoveMatch-Prefix.pch */,
			);
			name = "Supporting Files";
			sourceTree = "<group>";
		};
		D6F2F9D9166BAAED00601B25 /* LoveMatchTests */ = {
			isa = PBXGroup;
			children = (
				D6F2F9DF166BAAED00601B25 /* LoveMatchTests.h */,
				D6F2F9E0166BAAED00601B25 /* LoveMatchTests.m */,
				D6F2F9DA166BAAED00601B25 /* Supporting Files */,
			);
			path = LoveMatchTests;
			sourceTree = "<group>";
		};
		D6F2F9DA166BAAED00601B25 /* Supporting Files */ = {
			isa = PBXGroup;
			children = (
				D6F2F9DB166BAAED00601B25 /* LoveMatchTests-Info.plist */,
				D6F2F9DC166BAAED00601B25 /* InfoPlist.strings */,
			);
			name = "Supporting Files";
			sourceTree = "<group>";
		};
		E3A3287A179FE79200F26FCD /* Ressources */ = {
			isa = PBXGroup;
			children = (
				E3A3287B179FE7BA00F26FCD /* Default-568h@2x.png */,
				E3A3287C179FE7BA00F26FCD /* Default.png */,
				E3A3287D179FE7BA00F26FCD /* Default@2x.png */,
				E3A3287E179FE7BA00F26FCD /* female_button.png */,
				E3A3287F179FE7BA00F26FCD /* female_button@2x.png */,
				E3A32880179FE7BA00F26FCD /* heart_icon.png */,
				E3A32881179FE7BA00F26FCD /* heart_icon@2x.png */,
				E3A32882179FE7BA00F26FCD /* male_button.png */,
				E3A32883179FE7BA00F26FCD /* male_button@2x.png */,
				E3A32884179FE7BA00F26FCD /* mix_button.png */,
				E3A32885179FE7BA00F26FCD /* mix_button@2x.png */,
				E3A32886179FE7BA00F26FCD /* up.png */,
				E3A32887179FE7BA00F26FCD /* up@2x.png */,
			);
			name = Ressources;
			sourceTree = "<group>";
		};
/* End PBXGroup section */

/* Begin PBXNativeTarget section */
		D6F2F9A1166BAAED00601B25 /* LoveMatch */ = {
			isa = PBXNativeTarget;
			buildConfigurationList = D6F2F9E4166BAAED00601B25 /* Build configuration list for PBXNativeTarget "LoveMatch" */;
			buildPhases = (
				D6F2F99E166BAAED00601B25 /* Sources */,
				D6F2F99F166BAAED00601B25 /* Frameworks */,
				D6F2F9A0166BAAED00601B25 /* Resources */,
			);
			buildRules = (
			);
			dependencies = (
			);
			name = LoveMatch;
			productName = LoveMatch;
			productReference = D6F2F9A2166BAAED00601B25 /* LoveMatch.app */;
			productType = "com.apple.product-type.application";
		};
		D6F2F9D0166BAAED00601B25 /* LoveMatchTests */ = {
			isa = PBXNativeTarget;
			buildConfigurationList = D6F2F9E7166BAAED00601B25 /* Build configuration list for PBXNativeTarget "LoveMatchTests" */;
			buildPhases = (
				D6F2F9CC166BAAED00601B25 /* Sources */,
				D6F2F9CD166BAAED00601B25 /* Frameworks */,
				D6F2F9CE166BAAED00601B25 /* Resources */,
				D6F2F9CF166BAAED00601B25 /* ShellScript */,
			);
			buildRules = (
			);
			dependencies = (
				D6F2F9D8166BAAED00601B25 /* PBXTargetDependency */,
			);
			name = LoveMatchTests;
			productName = LoveMatchTests;
			productReference = D6F2F9D1166BAAED00601B25 /* LoveMatchTests.octest */;
			productType = "com.apple.product-type.bundle";
		};
/* End PBXNativeTarget section */

/* Begin PBXProject section */
		D6F2F999166BAAED00601B25 /* Project object */ = {
			isa = PBXProject;
			attributes = {
				CLASSPREFIX = LM;
				LastUpgradeCheck = 0450;
				ORGANIZATIONNAME = nerdburgers;
			};
			buildConfigurationList = D6F2F99C166BAAED00601B25 /* Build configuration list for PBXProject "LoveMatch" */;
			compatibilityVersion = "Xcode 3.2";
			developmentRegion = English;
			hasScannedForEncodings = 0;
			knownRegions = (
				en,
				da,
				"es-ES",
				es,
				"zh-Hans",
				"zh-Hant",
			);
			mainGroup = D6F2F997166BAAED00601B25;
			productRefGroup = D6F2F9A3166BAAED00601B25 /* Products */;
			projectDirPath = "";
			projectRoot = "";
			targets = (
				D6F2F9A1166BAAED00601B25 /* LoveMatch */,
				D6F2F9D0166BAAED00601B25 /* LoveMatchTests */,
			);
		};
/* End PBXProject section */

/* Begin PBXResourcesBuildPhase section */
		D6F2F9A0166BAAED00601B25 /* Resources */ = {
			isa = PBXResourcesBuildPhase;
			buildActionMask = 2147483647;
			files = (
				D6F2F9B3166BAAED00601B25 /* InfoPlist.strings in Resources */,
				D6F2F9C2166BAAED00601B25 /* MainStoryboard.storyboard in Resources */,
				E33F5FF3174A478700F1C1FA /* FacebookSDKResources.bundle in Resources */,
				E33F5FF4174A478700F1C1FA /* FBUserSettingsViewResources.bundle in Resources */,
				E3A32888179FE7BA00F26FCD /* Default-568h@2x.png in Resources */,
				E3A32889179FE7BA00F26FCD /* Default.png in Resources */,
				E3A3288A179FE7BA00F26FCD /* Default@2x.png in Resources */,
				E3A3288B179FE7BA00F26FCD /* female_button.png in Resources */,
				E3A3288C179FE7BA00F26FCD /* female_button@2x.png in Resources */,
				E3A3288D179FE7BA00F26FCD /* heart_icon.png in Resources */,
				E3A3288E179FE7BA00F26FCD /* heart_icon@2x.png in Resources */,
				E3A3288F179FE7BA00F26FCD /* male_button.png in Resources */,
				E3A32890179FE7BA00F26FCD /* male_button@2x.png in Resources */,
				E3A32891179FE7BA00F26FCD /* mix_button.png in Resources */,
				E3A32892179FE7BA00F26FCD /* mix_button@2x.png in Resources */,
				E3A32893179FE7BA00F26FCD /* up.png in Resources */,
				E3A32894179FE7BA00F26FCD /* up@2x.png in Resources */,
			);
			runOnlyForDeploymentPostprocessing = 0;
		};
		D6F2F9CE166BAAED00601B25 /* Resources */ = {
			isa = PBXResourcesBuildPhase;
			buildActionMask = 2147483647;
			files = (
				D6F2F9DE166BAAED00601B25 /* InfoPlist.strings in Resources */,
				939DE8DF16F4A36F00D56135 /* SVWebViewController.strings in Resources */,
				939DE8E116F4A36F00D56135 /* SVWebViewController.bundle in Resources */,
			);
			runOnlyForDeploymentPostprocessing = 0;
		};
/* End PBXResourcesBuildPhase section */

/* Begin PBXShellScriptBuildPhase section */
		D6F2F9CF166BAAED00601B25 /* ShellScript */ = {
			isa = PBXShellScriptBuildPhase;
			buildActionMask = 2147483647;
			files = (
			);
			inputPaths = (
			);
			outputPaths = (
			);
			runOnlyForDeploymentPostprocessing = 0;
			shellPath = /bin/sh;
			shellScript = "# Run the unit tests in this test bundle.\n\"${SYSTEM_DEVELOPER_DIR}/Tools/RunUnitTests\"\n";
		};
/* End PBXShellScriptBuildPhase section */

/* Begin PBXSourcesBuildPhase section */
		D6F2F99E166BAAED00601B25 /* Sources */ = {
			isa = PBXSourcesBuildPhase;
			buildActionMask = 2147483647;
			files = (
				D6F2F9B5166BAAED00601B25 /* main.m in Sources */,
				D6F2F9B9166BAAED00601B25 /* LMAppDelegate.m in Sources */,
				93A99818169856EE00FF345F /* LMDataConnector.m in Sources */,
				D6F2FA02166BD18A00601B25 /* LMStartViewController.m in Sources */,
				D663ADF2166BFC2800EE7C64 /* LMLoginViewController.m in Sources */,
				938232D3166F9E01000E888F /* LMRatingsTableViewController.m in Sources */,
				938232D7166F9EDB000E888F /* LMFriendCell.m in Sources */,
				938232ED166FA09F000E888F /* AFHTTPClient.m in Sources */,
				938232EE166FA09F000E888F /* AFHTTPRequestOperation.m in Sources */,
				938232EF166FA09F000E888F /* AFImageRequestOperation.m in Sources */,
				938232F0166FA09F000E888F /* AFJSONRequestOperation.m in Sources */,
				938232F1166FA09F000E888F /* AFNetworkActivityIndicatorManager.m in Sources */,
				938232F2166FA09F000E888F /* AFPropertyListRequestOperation.m in Sources */,
				938232F3166FA09F000E888F /* AFURLConnectionOperation.m in Sources */,
				938232F4166FA09F000E888F /* AFXMLRequestOperation.m in Sources */,
				938232F5166FA09F000E888F /* UIImageView+AFNetworking.m in Sources */,
				939DE8E416F4A3C000D56135 /* SVWebViewController.m in Sources */,
				939DE8E316F4A3C000D56135 /* SVModalWebViewController.m in Sources */,
				93AFD28016974FA300EFF4BC /* ATMHud.m in Sources */,
				93AFD28216974FA300EFF4BC /* ATMHudQueueItem.m in Sources */,
				93AFD28416974FA300EFF4BC /* ATMHudView.m in Sources */,
				93AFD28616974FA300EFF4BC /* ATMProgressLayer.m in Sources */,
				93AFD28816974FA300EFF4BC /* ATMSoundFX.m in Sources */,
				93AFD28A16974FA300EFF4BC /* ATMTextLayer.m in Sources */,
				E3A32897179FEA7800F26FCD /* LoveMatch.xcdatamodeld in Sources */,
				E3A3289A179FEA8800F26FCD /* User.m in Sources */,
				E3A3289D179FEA8800F26FCD /* Friend.m in Sources */,
			);
			runOnlyForDeploymentPostprocessing = 0;
		};
		D6F2F9CC166BAAED00601B25 /* Sources */ = {
			isa = PBXSourcesBuildPhase;
			buildActionMask = 2147483647;
			files = (
				D6F2F9E1166BAAED00601B25 /* LoveMatchTests.m in Sources */,
				93AFD28116974FA300EFF4BC /* ATMHud.m in Sources */,
				93AFD28316974FA300EFF4BC /* ATMHudQueueItem.m in Sources */,
				93AFD28516974FA300EFF4BC /* ATMHudView.m in Sources */,
				93AFD28716974FA300EFF4BC /* ATMProgressLayer.m in Sources */,
				93AFD28916974FA300EFF4BC /* ATMSoundFX.m in Sources */,
				93AFD28B16974FA300EFF4BC /* ATMTextLayer.m in Sources */,
				939DE8E016F4A36F00D56135 /* SVModalWebViewController.m in Sources */,
				939DE8E216F4A36F00D56135 /* SVWebViewController.m in Sources */,
			);
			runOnlyForDeploymentPostprocessing = 0;
		};
/* End PBXSourcesBuildPhase section */

/* Begin PBXTargetDependency section */
		D6F2F9D8166BAAED00601B25 /* PBXTargetDependency */ = {
			isa = PBXTargetDependency;
			target = D6F2F9A1166BAAED00601B25 /* LoveMatch */;
			targetProxy = D6F2F9D7166BAAED00601B25 /* PBXContainerItemProxy */;
		};
/* End PBXTargetDependency section */

/* Begin PBXVariantGroup section */
		939DE8D316F4A36F00D56135 /* SVWebViewController.strings */ = {
			isa = PBXVariantGroup;
			children = (
				939DE8D416F4A36F00D56135 /* da */,
				939DE8D516F4A36F00D56135 /* en */,
				939DE8D616F4A36F00D56135 /* es-ES */,
				939DE8D716F4A36F00D56135 /* es */,
				939DE8DD16F4A36F00D56135 /* zh-Hans */,
				939DE8DE16F4A36F00D56135 /* zh-Hant */,
			);
			name = SVWebViewController.strings;
			sourceTree = "<group>";
		};
		D6F2F9B1166BAAED00601B25 /* InfoPlist.strings */ = {
			isa = PBXVariantGroup;
			children = (
				D6F2F9B2166BAAED00601B25 /* en */,
			);
			name = InfoPlist.strings;
			sourceTree = "<group>";
		};
		D6F2F9C0166BAAED00601B25 /* MainStoryboard.storyboard */ = {
			isa = PBXVariantGroup;
			children = (
				D6F2F9C1166BAAED00601B25 /* en */,
			);
			name = MainStoryboard.storyboard;
			sourceTree = "<group>";
		};
		D6F2F9DC166BAAED00601B25 /* InfoPlist.strings */ = {
			isa = PBXVariantGroup;
			children = (
				D6F2F9DD166BAAED00601B25 /* en */,
			);
			name = InfoPlist.strings;
			sourceTree = "<group>";
		};
/* End PBXVariantGroup section */

/* Begin XCBuildConfiguration section */
		D6F2F9E2166BAAED00601B25 /* Debug */ = {
			isa = XCBuildConfiguration;
			buildSettings = {
				ALWAYS_SEARCH_USER_PATHS = NO;
				CLANG_CXX_LANGUAGE_STANDARD = "gnu++0x";
				CLANG_CXX_LIBRARY = "libc++";
				CLANG_ENABLE_OBJC_ARC = YES;
				CLANG_WARN_EMPTY_BODY = YES;
				CLANG_WARN__DUPLICATE_METHOD_MATCH = YES;
				"CODE_SIGN_IDENTITY[sdk=iphoneos*]" = "iPhone Developer";
				COPY_PHASE_STRIP = NO;
				GCC_C_LANGUAGE_STANDARD = gnu99;
				GCC_DYNAMIC_NO_PIC = NO;
				GCC_OPTIMIZATION_LEVEL = 0;
				GCC_PREPROCESSOR_DEFINITIONS = (
					"DEBUG=1",
					"$(inherited)",
				);
				GCC_SYMBOLS_PRIVATE_EXTERN = NO;
				GCC_WARN_ABOUT_RETURN_TYPE = YES;
				GCC_WARN_UNINITIALIZED_AUTOS = YES;
				GCC_WARN_UNUSED_VARIABLE = YES;
				IPHONEOS_DEPLOYMENT_TARGET = 6.0;
				ONLY_ACTIVE_ARCH = YES;
				SDKROOT = iphoneos;
			};
			name = Debug;
		};
		D6F2F9E3166BAAED00601B25 /* Release */ = {
			isa = XCBuildConfiguration;
			buildSettings = {
				ALWAYS_SEARCH_USER_PATHS = NO;
				CLANG_CXX_LANGUAGE_STANDARD = "gnu++0x";
				CLANG_CXX_LIBRARY = "libc++";
				CLANG_ENABLE_OBJC_ARC = YES;
				CLANG_WARN_EMPTY_BODY = YES;
				CLANG_WARN__DUPLICATE_METHOD_MATCH = YES;
				"CODE_SIGN_IDENTITY[sdk=iphoneos*]" = "iPhone Developer";
				COPY_PHASE_STRIP = YES;
				GCC_C_LANGUAGE_STANDARD = gnu99;
				GCC_WARN_ABOUT_RETURN_TYPE = YES;
				GCC_WARN_UNINITIALIZED_AUTOS = YES;
				GCC_WARN_UNUSED_VARIABLE = YES;
				IPHONEOS_DEPLOYMENT_TARGET = 6.0;
				OTHER_CFLAGS = "-DNS_BLOCK_ASSERTIONS=1";
				SDKROOT = iphoneos;
				VALIDATE_PRODUCT = YES;
			};
			name = Release;
		};
		D6F2F9E5166BAAED00601B25 /* Debug */ = {
			isa = XCBuildConfiguration;
			buildSettings = {
				FRAMEWORK_SEARCH_PATHS = (
					"$(inherited)",
					"\"$(SRCROOT)/../../Documents/FacebookSDK\"",
				);
				GCC_PRECOMPILE_PREFIX_HEADER = YES;
				GCC_PREFIX_HEADER = "LoveMatch/LoveMatch-Prefix.pch";
				INFOPLIST_FILE = "LoveMatch/LoveMatch-Info.plist";
				ONLY_ACTIVE_ARCH = YES;
				OTHER_LDFLAGS = "-lsqlite3.0";
				PRODUCT_NAME = "$(TARGET_NAME)";
				WRAPPER_EXTENSION = app;
			};
			name = Debug;
		};
		D6F2F9E6166BAAED00601B25 /* Release */ = {
			isa = XCBuildConfiguration;
			buildSettings = {
				FRAMEWORK_SEARCH_PATHS = (
					"$(inherited)",
					"\"$(SRCROOT)/../../Documents/FacebookSDK\"",
				);
				GCC_PRECOMPILE_PREFIX_HEADER = YES;
				GCC_PREFIX_HEADER = "LoveMatch/LoveMatch-Prefix.pch";
				INFOPLIST_FILE = "LoveMatch/LoveMatch-Info.plist";
				ONLY_ACTIVE_ARCH = YES;
				OTHER_LDFLAGS = "-lsqlite3.0";
				PRODUCT_NAME = "$(TARGET_NAME)";
				WRAPPER_EXTENSION = app;
			};
			name = Release;
		};
		D6F2F9E8166BAAED00601B25 /* Debug */ = {
			isa = XCBuildConfiguration;
			buildSettings = {
				BUNDLE_LOADER = "$(BUILT_PRODUCTS_DIR)/LoveMatch.app/LoveMatch";
				FRAMEWORK_SEARCH_PATHS = (
					"\"$(SDKROOT)/Developer/Library/Frameworks\"",
					"\"$(DEVELOPER_LIBRARY_DIR)/Frameworks\"",
				);
				GCC_PRECOMPILE_PREFIX_HEADER = YES;
				GCC_PREFIX_HEADER = "LoveMatch/LoveMatch-Prefix.pch";
				INFOPLIST_FILE = "LoveMatchTests/LoveMatchTests-Info.plist";
				PRODUCT_NAME = "$(TARGET_NAME)";
				TEST_HOST = "$(BUNDLE_LOADER)";
				WRAPPER_EXTENSION = octest;
			};
			name = Debug;
		};
		D6F2F9E9166BAAED00601B25 /* Release */ = {
			isa = XCBuildConfiguration;
			buildSettings = {
				BUNDLE_LOADER = "$(BUILT_PRODUCTS_DIR)/LoveMatch.app/LoveMatch";
				FRAMEWORK_SEARCH_PATHS = (
					"\"$(SDKROOT)/Developer/Library/Frameworks\"",
					"\"$(DEVELOPER_LIBRARY_DIR)/Frameworks\"",
				);
				GCC_PRECOMPILE_PREFIX_HEADER = YES;
				GCC_PREFIX_HEADER = "LoveMatch/LoveMatch-Prefix.pch";
				INFOPLIST_FILE = "LoveMatchTests/LoveMatchTests-Info.plist";
				PRODUCT_NAME = "$(TARGET_NAME)";
				TEST_HOST = "$(BUNDLE_LOADER)";
				WRAPPER_EXTENSION = octest;
			};
			name = Release;
		};
/* End XCBuildConfiguration section */

/* Begin XCConfigurationList section */
		D6F2F99C166BAAED00601B25 /* Build configuration list for PBXProject "LoveMatch" */ = {
			isa = XCConfigurationList;
			buildConfigurations = (
				D6F2F9E2166BAAED00601B25 /* Debug */,
				D6F2F9E3166BAAED00601B25 /* Release */,
			);
			defaultConfigurationIsVisible = 0;
			defaultConfigurationName = Release;
		};
		D6F2F9E4166BAAED00601B25 /* Build configuration list for PBXNativeTarget "LoveMatch" */ = {
			isa = XCConfigurationList;
			buildConfigurations = (
				D6F2F9E5166BAAED00601B25 /* Debug */,
				D6F2F9E6166BAAED00601B25 /* Release */,
			);
			defaultConfigurationIsVisible = 0;
			defaultConfigurationName = Release;
		};
		D6F2F9E7166BAAED00601B25 /* Build configuration list for PBXNativeTarget "LoveMatchTests" */ = {
			isa = XCConfigurationList;
			buildConfigurations = (
				D6F2F9E8166BAAED00601B25 /* Debug */,
				D6F2F9E9166BAAED00601B25 /* Release */,
			);
			defaultConfigurationIsVisible = 0;
			defaultConfigurationName = Release;
		};
/* End XCConfigurationList section */

/* Begin XCVersionGroup section */
		E3A32895179FEA7800F26FCD /* LoveMatch.xcdatamodeld */ = {
			isa = XCVersionGroup;
			children = (
				E3A32896179FEA7800F26FCD /* LoveMatch.xcdatamodel */,
			);
			currentVersion = E3A32896179FEA7800F26FCD /* LoveMatch.xcdatamodel */;
			name = LoveMatch.xcdatamodeld;
			path = Model/LoveMatch.xcdatamodeld;
			sourceTree = "<group>";
			versionGroupType = wrapper.xcdatamodel;
		};
/* End XCVersionGroup section */
	};
	rootObject = D6F2F999166BAAED00601B25 /* Project object */;
}
